
Microsoft Visual Studio Solution File, Format Version 12.00
# Visual Studio 15
VisualStudioVersion = 15.0.28307.645
MinimumVisualStudioVersion = 10.0.40219.1
Project("{FAE04EC0-301F-11D3-BF4B-00C04F79EFBC}") = "VariableWork", "VariableWork\VariableWork.csproj", "{56981FE6-BEC7-476D-BDE7-A6BB1155081D}"
EndProject
Global
	GlobalSection(SolutionConfigurationPlatforms) = preSolution
		Debug|Any CPU = Debug|Any CPU
		Release|Any CPU = Release|Any CPU
	EndGlobalSection
	GlobalSection(ProjectConfigurationPlatforms) = postSolution
		{56981FE6-BEC7-476D-BDE7-A6BB1155081D}.Debug|Any CPU.ActiveCfg = Debug|Any CPU
		{56981FE6-BEC7-476D-BDE7-A6BB1155081D}.Debug|Any CPU.Build.0 = Debug|Any CPU
		{56981FE6-BEC7-476D-BDE7-A6BB1155081D}.Release|Any CPU.ActiveCfg = Release|Any CPU
		{56981FE6-BEC7-476D-BDE7-A6BB1155081D}.Release|Any CPU.Build.0 = Release|Any CPU
	EndGlobalSection
	GlobalSection(SolutionProperties) = preSolution
		HideSolutionNode = FALSE
	EndGlobalSection
	GlobalSection(ExtensibilityGlobals) = postSolution
		SolutionGuid = {C1BE9539-DAD3-44E5-81F3-A20EFA3B6FED}
	EndGlobalSection
EndGlobal
